github.com/bit101/blgo v0.0.0-20200223181030-6a3f62223a59 h1:RB4sRPrj+C53vDMJfOgJnGA6D8PNI7Mkhz0ZYo+Dy9s=
github.com/bit101/blgo v0.0.0-20200223181030-6a3f62223a59/go.mod h1:/y3pYWSXSd4Zm5Qx3PZ8tZFgTmnoFtjewuPwYRbtzbo=
github.com/bit101/go-cairo v0.0.0-20180824171754-2ec005d7e85e h1:ZQNjRjjzNS6RwY85lbwkbBKs4xvg3RuveW2KjK62CBc=
github.com/bit101/go-cairo v0.0.0-20180824171754-2ec005d7e85e/go.mod h1:EhlDQyvzL9RXujTKdbLy1Sr35jME9wtdWyviJuKnC4A=
