github.com/bit101/blgo v0.0.0-20200301201817-d51cfb142c60 h1:hOXrsFmGsWKzdMwJl5gX4KhrlaLTemLWxieyVciZSwE=
github.com/bit101/blgo v0.0.0-20200301201817-d51cfb142c60/go.mod h1:/y3pYWSXSd4Zm5Qx3PZ8tZFgTmnoFtjewuPwYRbtzbo=
github.com/bit101/blgo v1.0.0 h1:ETNJVms8okNMjP2ISQklQ1TAQx7k6zKMOjsYkUYgTzo=
github.com/bit101/blgo v1.0.0/go.mod h1:6bni9e92WBeDuIPA7yvAh6vNLAEXXZWNs1U6s++eK3A=
github.com/bit101/blgrids v0.0.0-20200316020605-55c66759a5f6 h1:l5BOoKFcH/cdP/6Yamr4MXDNsprZCTdMhBLwl2bVPNE=
github.com/bit101/blgrids v0.0.0-20200316020605-55c66759a5f6/go.mod h1:uwzipQYF0sxlIOR9iVw9etgNWLHZjMPO2pEUTxyJwdM=
github.com/bit101/go-cairo v0.0.0-20180824171754-2ec005d7e85e h1:ZQNjRjjzNS6RwY85lbwkbBKs4xvg3RuveW2KjK62CBc=
github.com/bit101/go-cairo v0.0.0-20180824171754-2ec005d7e85e/go.mod h1:EhlDQyvzL9RXujTKdbLy1Sr35jME9wtdWyviJuKnC4A=
github.com/bit101/go-cairo v1.0.0 h1:So7dRXutHrRNV/lhNafTTAKwYP0MXAQdcF0d4/8HDBE=
github.com/bit101/go-cairo v1.0.0/go.mod h1:DcWQM9/iziHK80FGTZbA/1eTvXL9STRistJwCRcSsEo=
